
Microsoft Visual Studio Solution File, Format Version 12.00
# Visual Studio Version 16
VisualStudioVersion = 16.0.32106.194
MinimumVisualStudioVersion = 10.0.40219.1
Project("{FAE04EC0-301F-11D3-BF4B-00C04F79EFBC}") = "EmployeePayroll ADO.NET", "EmployeePayroll ADO.NET\EmployeePayroll ADO.NET.csproj", "{ABDF9561-5C94-4CB2-846E-4EC9C65BDB91}"
EndProject
Global
	GlobalSection(SolutionConfigurationPlatforms) = preSolution
		Debug|Any CPU = Debug|Any CPU
		Release|Any CPU = Release|Any CPU
	EndGlobalSection
	GlobalSection(ProjectConfigurationPlatforms) = postSolution
		{ABDF9561-5C94-4CB2-846E-4EC9C65BDB91}.Debug|Any CPU.ActiveCfg = Debug|Any CPU
		{ABDF9561-5C94-4CB2-846E-4EC9C65BDB91}.Debug|Any CPU.Build.0 = Debug|Any CPU
		{ABDF9561-5C94-4CB2-846E-4EC9C65BDB91}.Release|Any CPU.ActiveCfg = Release|Any CPU
		{ABDF9561-5C94-4CB2-846E-4EC9C65BDB91}.Release|Any CPU.Build.0 = Release|Any CPU
	EndGlobalSection
	GlobalSection(SolutionProperties) = preSolution
		HideSolutionNode = FALSE
	EndGlobalSection
	GlobalSection(ExtensibilityGlobals) = postSolution
		SolutionGuid = {8B683158-DD71-4E97-B152-326AE6F25F2A}
	EndGlobalSection
EndGlobal
